
Microsoft Visual Studio Solution File, Format Version 12.00
# Visual Studio Version 17
VisualStudioVersion = 17.2.32602.215
MinimumVisualStudioVersion = 10.0.40219.1
Project("{9A19103F-16F7-4668-BE54-9A1E7A4F7556}") = "UCHPlayerTrackerMod", "UCHPlayerTrackerMod.csproj", "{3A3FBFFE-E5C3-44D7-8C93-6E63F9A61DA1}"
EndProject
Global
	GlobalSection(SolutionConfigurationPlatforms) = preSolution
		Debug|Any CPU = Debug|Any CPU
		Release|Any CPU = Release|Any CPU
	EndGlobalSection
	GlobalSection(ProjectConfigurationPlatforms) = postSolution
		{3A3FBFFE-E5C3-44D7-8C93-6E63F9A61DA1}.Debug|Any CPU.ActiveCfg = Debug|Any CPU
		{3A3FBFFE-E5C3-44D7-8C93-6E63F9A61DA1}.Debug|Any CPU.Build.0 = Debug|Any CPU
		{3A3FBFFE-E5C3-44D7-8C93-6E63F9A61DA1}.Release|Any CPU.ActiveCfg = Release|Any CPU
		{3A3FBFFE-E5C3-44D7-8C93-6E63F9A61DA1}.Release|Any CPU.Build.0 = Release|Any CPU
	EndGlobalSection
	GlobalSection(SolutionProperties) = preSolution
		HideSolutionNode = FALSE
	EndGlobalSection
	GlobalSection(ExtensibilityGlobals) = postSolution
		SolutionGuid = {7DE7CD9E-EECF-4BF6-9D72-FEFA1B3249D7}
	EndGlobalSection
EndGlobal
